
Microsoft Visual Studio Solution File, Format Version 12.00
# Visual Studio Version 17
VisualStudioVersion = 17.11.35327.3
MinimumVisualStudioVersion = 10.0.40219.1
Project("{9A19103F-16F7-4668-BE54-9A1E7A4F7556}") = "SyncF", "SyncF\SyncF.csproj", "{952AE803-6CC5-4755-9E80-88666F7AC50C}"
EndProject
Project("{FAE04EC0-301F-11D3-BF4B-00C04F79EFBC}") = "DataLibrary", "DataLibrary\DataLibrary.csproj", "{078225A1-493F-41D8-9DF0-F61A74279661}"
EndProject
Global
	GlobalSection(SolutionConfigurationPlatforms) = preSolution
		Debug|Any CPU = Debug|Any CPU
		Release|Any CPU = Release|Any CPU
	EndGlobalSection
	GlobalSection(ProjectConfigurationPlatforms) = postSolution
		{952AE803-6CC5-4755-9E80-88666F7AC50C}.Debug|Any CPU.ActiveCfg = Debug|Any CPU
		{952AE803-6CC5-4755-9E80-88666F7AC50C}.Debug|Any CPU.Build.0 = Debug|Any CPU
		{952AE803-6CC5-4755-9E80-88666F7AC50C}.Release|Any CPU.ActiveCfg = Release|Any CPU
		{952AE803-6CC5-4755-9E80-88666F7AC50C}.Release|Any CPU.Build.0 = Release|Any CPU
		{078225A1-493F-41D8-9DF0-F61A74279661}.Debug|Any CPU.ActiveCfg = Debug|Any CPU
		{078225A1-493F-41D8-9DF0-F61A74279661}.Debug|Any CPU.Build.0 = Debug|Any CPU
		{078225A1-493F-41D8-9DF0-F61A74279661}.Release|Any CPU.ActiveCfg = Release|Any CPU
		{078225A1-493F-41D8-9DF0-F61A74279661}.Release|Any CPU.Build.0 = Release|Any CPU
	EndGlobalSection
	GlobalSection(SolutionProperties) = preSolution
		HideSolutionNode = FALSE
	EndGlobalSection
	GlobalSection(ExtensibilityGlobals) = postSolution
		SolutionGuid = {5FCCF4C7-B28B-42D2-98B8-9DC663367C9C}
	EndGlobalSection
EndGlobal
